# THIS IS AN AUTOGENERATED FILE. DO NOT EDIT THIS FILE DIRECTLY.
# yarn lockfile v1


d64@^1.0.0:
  version "1.0.0"
  resolved "https://registry.yarnpkg.com/d64/-/d64-1.0.0.tgz#4002a87e850cbfc9f9d9706b60fca613a3336e90"
  integrity sha1-QAKofoUMv8n52XBrYPymE6MzbpA=

uuid@^8.2.0:
  version "8.2.0"
  resolved "https://registry.yarnpkg.com/uuid/-/uuid-8.2.0.tgz#cb10dd6b118e2dada7d0cd9730ba7417c93d920e"
  integrity sha512-CYpGiFTUrmI6OBMkAdjSDM0k5h8SkkiTP4WAjQgDgNB1S3Ou9VBEvr6q0Kv2H1mMk7IWfxYGpMH5sd5AvcIV2Q==
